// !$*UTF8*$!
{
	archiveVersion = 1;
	classes = {
	};
	objectVersion = 55;
	objects = {

/* Begin PBXBuildFile section */
		F91546E828D97E7500D29A26 /* Sandbox.cpp in Sources */ = {isa = PBXBuildFile; fileRef = F91546E728D97E7500D29A26 /* Sandbox.cpp */; };
		F91546F628DC17F800D29A26 /* Application.cpp in Sources */ = {isa = PBXBuildFile; fileRef = F91546F428DC17F800D29A26 /* Application.cpp */; };
		F91546F728DC17F800D29A26 /* Application.hpp in Headers */ = {isa = PBXBuildFile; fileRef = F91546F528DC17F800D29A26 /* Application.hpp */; };
		F9A7AA0228DC1E5A00A1AD5E /* Sandbox.cpp in Sources */ = {isa = PBXBuildFile; fileRef = F91546E728D97E7500D29A26 /* Sandbox.cpp */; };
		F9A7AA0528DC1EBA00A1AD5E /* MainEngine.h in Headers */ = {isa = PBXBuildFile; fileRef = F91546F028DC177F00D29A26 /* MainEngine.h */; };
		F9A7AA0728DC2E4300A1AD5E /* EntryPoint.h in Headers */ = {isa = PBXBuildFile; fileRef = F9A7AA0628DC242900A1AD5E /* EntryPoint.h */; };
/* End PBXBuildFile section */

/* Begin PBXCopyFilesBuildPhase section */
		F91546E328D97E7500D29A26 /* CopyFiles */ = {
			isa = PBXCopyFilesBuildPhase;
			buildActionMask = 2147483647;
			dstPath = /usr/share/man/man1/;
			dstSubfolderSpec = 0;
			files = (
			);
			runOnlyForDeploymentPostprocessing = 1;
		};
/* End PBXCopyFilesBuildPhase section */

/* Begin PBXFileReference section */
		F91546D928D97E3100D29A26 /* libGameEngine.dylib */ = {isa = PBXFileReference; explicitFileType = "compiled.mach-o.dylib"; includeInIndex = 0; path = libGameEngine.dylib; sourceTree = BUILT_PRODUCTS_DIR; };
		F91546E528D97E7500D29A26 /* Sandbox */ = {isa = PBXFileReference; explicitFileType = "compiled.mach-o.executable"; includeInIndex = 0; path = Sandbox; sourceTree = BUILT_PRODUCTS_DIR; };
		F91546E728D97E7500D29A26 /* Sandbox.cpp */ = {isa = PBXFileReference; lastKnownFileType = sourcecode.cpp.cpp; path = Sandbox.cpp; sourceTree = "<group>"; };
		F91546F028DC177F00D29A26 /* MainEngine.h */ = {isa = PBXFileReference; lastKnownFileType = sourcecode.c.h; path = MainEngine.h; sourceTree = "<group>"; };
		F91546F428DC17F800D29A26 /* Application.cpp */ = {isa = PBXFileReference; lastKnownFileType = sourcecode.cpp.cpp; path = Application.cpp; sourceTree = "<group>"; };
		F91546F528DC17F800D29A26 /* Application.hpp */ = {isa = PBXFileReference; lastKnownFileType = sourcecode.cpp.h; path = Application.hpp; sourceTree = "<group>"; };
		F9A7AA0628DC242900A1AD5E /* EntryPoint.h */ = {isa = PBXFileReference; lastKnownFileType = sourcecode.c.h; path = EntryPoint.h; sourceTree = "<group>"; };
/* End PBXFileReference section */

/* Begin PBXFrameworksBuildPhase section */
		F91546D728D97E3100D29A26 /* Frameworks */ = {
			isa = PBXFrameworksBuildPhase;
			buildActionMask = 2147483647;
			files = (
			);
			runOnlyForDeploymentPostprocessing = 0;
		};
		F91546E228D97E7500D29A26 /* Frameworks */ = {
			isa = PBXFrameworksBuildPhase;
			buildActionMask = 2147483647;
			files = (
			);
			runOnlyForDeploymentPostprocessing = 0;
		};
/* End PBXFrameworksBuildPhase section */

/* Begin PBXGroup section */
		F91546D028D97E3100D29A26 = {
			isa = PBXGroup;
			children = (
				F91546E028D97E4700D29A26 /* MainEngine */,
				F91546E628D97E7500D29A26 /* Sandbox */,
				F91546DA28D97E3100D29A26 /* Products */,
			);
			sourceTree = "<group>";
		};
		F91546DA28D97E3100D29A26 /* Products */ = {
			isa = PBXGroup;
			children = (
				F91546D928D97E3100D29A26 /* libGameEngine.dylib */,
				F91546E528D97E7500D29A26 /* Sandbox */,
			);
			name = Products;
			sourceTree = "<group>";
		};
		F91546E028D97E4700D29A26 /* MainEngine */ = {
			isa = PBXGroup;
			children = (
				F91546F228DC17A800D29A26 /* MainEngine */,
				F91546F028DC177F00D29A26 /* MainEngine.h */,
			);
			path = MainEngine;
			sourceTree = "<group>";
		};
		F91546E628D97E7500D29A26 /* Sandbox */ = {
			isa = PBXGroup;
			children = (
				F91546E728D97E7500D29A26 /* Sandbox.cpp */,
			);
			path = Sandbox;
			sourceTree = SOURCE_ROOT;
		};
		F91546F228DC17A800D29A26 /* MainEngine */ = {
			isa = PBXGroup;
			children = (
				F91546F428DC17F800D29A26 /* Application.cpp */,
				F91546F528DC17F800D29A26 /* Application.hpp */,
				F9A7AA0628DC242900A1AD5E /* EntryPoint.h */,
			);
			path = MainEngine;
			sourceTree = "<group>";
		};
/* End PBXGroup section */

/* Begin PBXHeadersBuildPhase section */
		F91546D528D97E3100D29A26 /* Headers */ = {
			isa = PBXHeadersBuildPhase;
			buildActionMask = 2147483647;
			files = (
				F9A7AA0728DC2E4300A1AD5E /* EntryPoint.h in Headers */,
				F91546F728DC17F800D29A26 /* Application.hpp in Headers */,
				F9A7AA0528DC1EBA00A1AD5E /* MainEngine.h in Headers */,
			);
			runOnlyForDeploymentPostprocessing = 0;
		};
/* End PBXHeadersBuildPhase section */

/* Begin PBXNativeTarget section */
		F91546D828D97E3100D29A26 /* GameEngine */ = {
			isa = PBXNativeTarget;
			buildConfigurationList = F91546DD28D97E3100D29A26 /* Build configuration list for PBXNativeTarget "GameEngine" */;
			buildPhases = (
				F91546D528D97E3100D29A26 /* Headers */,
				F91546D628D97E3100D29A26 /* Sources */,
				F91546D728D97E3100D29A26 /* Frameworks */,
			);
			buildRules = (
			);
			dependencies = (
			);
			name = GameEngine;
			productName = GameEngine;
			productReference = F91546D928D97E3100D29A26 /* libGameEngine.dylib */;
			productType = "com.apple.product-type.library.dynamic";
		};
		F91546E428D97E7500D29A26 /* Sandbox */ = {
			isa = PBXNativeTarget;
			buildConfigurationList = F91546E928D97E7500D29A26 /* Build configuration list for PBXNativeTarget "Sandbox" */;
			buildPhases = (
				F91546E128D97E7500D29A26 /* Sources */,
				F91546E228D97E7500D29A26 /* Frameworks */,
				F91546E328D97E7500D29A26 /* CopyFiles */,
			);
			buildRules = (
			);
			dependencies = (
			);
			name = Sandbox;
			productName = Sandbox;
			productReference = F91546E528D97E7500D29A26 /* Sandbox */;
			productType = "com.apple.product-type.tool";
		};
/* End PBXNativeTarget section */

/* Begin PBXProject section */
		F91546D128D97E3100D29A26 /* Project object */ = {
			isa = PBXProject;
			attributes = {
				BuildIndependentTargetsInParallel = 1;
				LastUpgradeCheck = 1340;
				TargetAttributes = {
					F91546D828D97E3100D29A26 = {
						CreatedOnToolsVersion = 13.4.1;
					};
					F91546E428D97E7500D29A26 = {
						CreatedOnToolsVersion = 13.4.1;
					};
				};
			};
			buildConfigurationList = F91546D428D97E3100D29A26 /* Build configuration list for PBXProject "GameEngine" */;
			compatibilityVersion = "Xcode 13.0";
			developmentRegion = en;
			hasScannedForEncodings = 0;
			knownRegions = (
				en,
				Base,
			);
			mainGroup = F91546D028D97E3100D29A26;
			productRefGroup = F91546DA28D97E3100D29A26 /* Products */;
			projectDirPath = "";
			projectRoot = "";
			targets = (
				F91546D828D97E3100D29A26 /* GameEngine */,
				F91546E428D97E7500D29A26 /* Sandbox */,
			);
		};
/* End PBXProject section */

/* Begin PBXSourcesBuildPhase section */
		F91546D628D97E3100D29A26 /* Sources */ = {
			isa = PBXSourcesBuildPhase;
			buildActionMask = 2147483647;
			files = (
				F91546F628DC17F800D29A26 /* Application.cpp in Sources */,
				F9A7AA0228DC1E5A00A1AD5E /* Sandbox.cpp in Sources */,
			);
			runOnlyForDeploymentPostprocessing = 0;
		};
		F91546E128D97E7500D29A26 /* Sources */ = {
			isa = PBXSourcesBuildPhase;
			buildActionMask = 2147483647;
			files = (
				F91546E828D97E7500D29A26 /* Sandbox.cpp in Sources */,
			);
			runOnlyForDeploymentPostprocessing = 0;
		};
/* End PBXSourcesBuildPhase section */

/* Begin XCBuildConfiguration section */
		F91546DB28D97E3100D29A26 /* Debug */ = {
			isa = XCBuildConfiguration;
			buildSettings = {
				ALWAYS_SEARCH_USER_PATHS = NO;
				CLANG_ANALYZER_NONNULL = YES;
				CLANG_ANALYZER_NUMBER_OBJECT_CONVERSION = YES_AGGRESSIVE;
				CLANG_CXX_LANGUAGE_STANDARD = "gnu++17";
				CLANG_ENABLE_MODULES = YES;
				CLANG_ENABLE_OBJC_ARC = YES;
				CLANG_ENABLE_OBJC_WEAK = YES;
				CLANG_WARN_BLOCK_CAPTURE_AUTORELEASING = YES;
				CLANG_WARN_BOOL_CONVERSION = YES;
				CLANG_WARN_COMMA = YES;
				CLANG_WARN_CONSTANT_CONVERSION = YES;
				CLANG_WARN_DEPRECATED_OBJC_IMPLEMENTATIONS = YES;
				CLANG_WARN_DIRECT_OBJC_ISA_USAGE = YES_ERROR;
				CLANG_WARN_DOCUMENTATION_COMMENTS = YES;
				CLANG_WARN_EMPTY_BODY = YES;
				CLANG_WARN_ENUM_CONVERSION = YES;
				CLANG_WARN_INFINITE_RECURSION = YES;
				CLANG_WARN_INT_CONVERSION = YES;
				CLANG_WARN_NON_LITERAL_NULL_CONVERSION = YES;
				CLANG_WARN_OBJC_IMPLICIT_RETAIN_SELF = YES;
				CLANG_WARN_OBJC_LITERAL_CONVERSION = YES;
				CLANG_WARN_OBJC_ROOT_CLASS = YES_ERROR;
				CLANG_WARN_QUOTED_INCLUDE_IN_FRAMEWORK_HEADER = YES;
				CLANG_WARN_RANGE_LOOP_ANALYSIS = YES;
				CLANG_WARN_STRICT_PROTOTYPES = YES;
				CLANG_WARN_SUSPICIOUS_MOVE = YES;
				CLANG_WARN_UNGUARDED_AVAILABILITY = YES_AGGRESSIVE;
				CLANG_WARN_UNREACHABLE_CODE = YES;
				CLANG_WARN__DUPLICATE_METHOD_MATCH = YES;
				COPY_PHASE_STRIP = NO;
				DEBUG_INFORMATION_FORMAT = dwarf;
				ENABLE_STRICT_OBJC_MSGSEND = YES;
				ENABLE_TESTABILITY = YES;
				GCC_C_LANGUAGE_STANDARD = gnu11;
				GCC_DYNAMIC_NO_PIC = NO;
				GCC_NO_COMMON_BLOCKS = YES;
				GCC_OPTIMIZATION_LEVEL = 0;
				GCC_PREPROCESSOR_DEFINITIONS = (
					"DEBUG=1",
					"$(inherited)",
				);
				GCC_WARN_64_TO_32_BIT_CONVERSION = YES;
				GCC_WARN_ABOUT_RETURN_TYPE = YES_ERROR;
				GCC_WARN_UNDECLARED_SELECTOR = YES;
				GCC_WARN_UNINITIALIZED_AUTOS = YES_AGGRESSIVE;
				GCC_WARN_UNUSED_FUNCTION = YES;
				GCC_WARN_UNUSED_VARIABLE = YES;
				MACOSX_DEPLOYMENT_TARGET = 12.3;
				MTL_ENABLE_DEBUG_INFO = INCLUDE_SOURCE;
				MTL_FAST_MATH = YES;
				ONLY_ACTIVE_ARCH = YES;
				SDKROOT = macosx;
			};
			name = Debug;
		};
		F91546DC28D97E3100D29A26 /* Release */ = {
			isa = XCBuildConfiguration;
			buildSettings = {
				ALWAYS_SEARCH_USER_PATHS = NO;
				CLANG_ANALYZER_NONNULL = YES;
				CLANG_ANALYZER_NUMBER_OBJECT_CONVERSION = YES_AGGRESSIVE;
				CLANG_CXX_LANGUAGE_STANDARD = "gnu++17";
				CLANG_ENABLE_MODULES = YES;
				CLANG_ENABLE_OBJC_ARC = YES;
				CLANG_ENABLE_OBJC_WEAK = YES;
				CLANG_WARN_BLOCK_CAPTURE_AUTORELEASING = YES;
				CLANG_WARN_BOOL_CONVERSION = YES;
				CLANG_WARN_COMMA = YES;
				CLANG_WARN_CONSTANT_CONVERSION = YES;
				CLANG_WARN_DEPRECATED_OBJC_IMPLEMENTATIONS = YES;
				CLANG_WARN_DIRECT_OBJC_ISA_USAGE = YES_ERROR;
				CLANG_WARN_DOCUMENTATION_COMMENTS = YES;
				CLANG_WARN_EMPTY_BODY = YES;
				CLANG_WARN_ENUM_CONVERSION = YES;
				CLANG_WARN_INFINITE_RECURSION = YES;
				CLANG_WARN_INT_CONVERSION = YES;
				CLANG_WARN_NON_LITERAL_NULL_CONVERSION = YES;
				CLANG_WARN_OBJC_IMPLICIT_RETAIN_SELF = YES;
				CLANG_WARN_OBJC_LITERAL_CONVERSION = YES;
				CLANG_WARN_OBJC_ROOT_CLASS = YES_ERROR;
				CLANG_WARN_QUOTED_INCLUDE_IN_FRAMEWORK_HEADER = YES;
				CLANG_WARN_RANGE_LOOP_ANALYSIS = YES;
				CLANG_WARN_STRICT_PROTOTYPES = YES;
				CLANG_WARN_SUSPICIOUS_MOVE = YES;
				CLANG_WARN_UNGUARDED_AVAILABILITY = YES_AGGRESSIVE;
				CLANG_WARN_UNREACHABLE_CODE = YES;
				CLANG_WARN__DUPLICATE_METHOD_MATCH = YES;
				COPY_PHASE_STRIP = NO;
				DEBUG_INFORMATION_FORMAT = "dwarf-with-dsym";
				ENABLE_NS_ASSERTIONS = NO;
				ENABLE_STRICT_OBJC_MSGSEND = YES;
				GCC_C_LANGUAGE_STANDARD = gnu11;
				GCC_NO_COMMON_BLOCKS = YES;
				GCC_WARN_64_TO_32_BIT_CONVERSION = YES;
				GCC_WARN_ABOUT_RETURN_TYPE = YES_ERROR;
				GCC_WARN_UNDECLARED_SELECTOR = YES;
				GCC_WARN_UNINITIALIZED_AUTOS = YES_AGGRESSIVE;
				GCC_WARN_UNUSED_FUNCTION = YES;
				GCC_WARN_UNUSED_VARIABLE = YES;
				MACOSX_DEPLOYMENT_TARGET = 12.3;
				MTL_ENABLE_DEBUG_INFO = NO;
				MTL_FAST_MATH = YES;
				SDKROOT = macosx;
			};
			name = Release;
		};
		F91546DE28D97E3100D29A26 /* Debug */ = {
			isa = XCBuildConfiguration;
			buildSettings = {
				CODE_SIGN_STYLE = Automatic;
				DYLIB_COMPATIBILITY_VERSION = 1;
				DYLIB_CURRENT_VERSION = 1;
				EXECUTABLE_PREFIX = lib;
				PRODUCT_NAME = "$(TARGET_NAME)";
				SKIP_INSTALL = YES;
			};
			name = Debug;
		};
		F91546DF28D97E3100D29A26 /* Release */ = {
			isa = XCBuildConfiguration;
			buildSettings = {
				CODE_SIGN_STYLE = Automatic;
				DYLIB_COMPATIBILITY_VERSION = 1;
				DYLIB_CURRENT_VERSION = 1;
				EXECUTABLE_PREFIX = lib;
				PRODUCT_NAME = "$(TARGET_NAME)";
				SKIP_INSTALL = YES;
			};
			name = Release;
		};
		F91546EA28D97E7500D29A26 /* Debug */ = {
			isa = XCBuildConfiguration;
			buildSettings = {
				CODE_SIGN_STYLE = Automatic;
				EXCLUDED_ARCHS = "";
				PRODUCT_NAME = "$(TARGET_NAME)";
				USER_HEADER_SEARCH_PATHS = "";
			};
			name = Debug;
		};
		F91546EB28D97E7500D29A26 /* Release */ = {
			isa = XCBuildConfiguration;
			buildSettings = {
				CODE_SIGN_STYLE = Automatic;
				EXCLUDED_ARCHS = "";
				PRODUCT_NAME = "$(TARGET_NAME)";
				USER_HEADER_SEARCH_PATHS = "";
			};
			name = Release;
		};
/* End XCBuildConfiguration section */

/* Begin XCConfigurationList section */
		F91546D428D97E3100D29A26 /* Build configuration list for PBXProject "GameEngine" */ = {
			isa = XCConfigurationList;
			buildConfigurations = (
				F91546DB28D97E3100D29A26 /* Debug */,
				F91546DC28D97E3100D29A26 /* Release */,
			);
			defaultConfigurationIsVisible = 0;
			defaultConfigurationName = Release;
		};
		F91546DD28D97E3100D29A26 /* Build configuration list for PBXNativeTarget "GameEngine" */ = {
			isa = XCConfigurationList;
			buildConfigurations = (
				F91546DE28D97E3100D29A26 /* Debug */,
				F91546DF28D97E3100D29A26 /* Release */,
			);
			defaultConfigurationIsVisible = 0;
			defaultConfigurationName = Release;
		};
		F91546E928D97E7500D29A26 /* Build configuration list for PBXNativeTarget "Sandbox" */ = {
			isa = XCConfigurationList;
			buildConfigurations = (
				F91546EA28D97E7500D29A26 /* Debug */,
				F91546EB28D97E7500D29A26 /* Release */,
			);
			defaultConfigurationIsVisible = 0;
			defaultConfigurationName = Release;
		};
/* End XCConfigurationList section */
	};
	rootObject = F91546D128D97E3100D29A26 /* Project object */;
}
